
Microsoft Visual Studio Solution File, Format Version 12.00
# Visual Studio Version 17
VisualStudioVersion = 17.2.32630.192
MinimumVisualStudioVersion = 10.0.40219.1
Project("{FAE04EC0-301F-11D3-BF4B-00C04F79EFBC}") = "TestPowerLine", "TestPowerLine.csproj", "{B134496D-D846-43C1-90A7-8BDE1678EE10}"
EndProject
Global
	GlobalSection(SolutionConfigurationPlatforms) = preSolution
		Debug|Any CPU = Debug|Any CPU
		Release|Any CPU = Release|Any CPU
	EndGlobalSection
	GlobalSection(ProjectConfigurationPlatforms) = postSolution
		{B134496D-D846-43C1-90A7-8BDE1678EE10}.Debug|Any CPU.ActiveCfg = Debug|Any CPU
		{B134496D-D846-43C1-90A7-8BDE1678EE10}.Debug|Any CPU.Build.0 = Debug|Any CPU
		{B134496D-D846-43C1-90A7-8BDE1678EE10}.Release|Any CPU.ActiveCfg = Release|Any CPU
		{B134496D-D846-43C1-90A7-8BDE1678EE10}.Release|Any CPU.Build.0 = Release|Any CPU
	EndGlobalSection
	GlobalSection(SolutionProperties) = preSolution
		HideSolutionNode = FALSE
	EndGlobalSection
	GlobalSection(ExtensibilityGlobals) = postSolution
		SolutionGuid = {7A0C8852-CF42-403F-B6DE-62D6FAB4199F}
	EndGlobalSection
EndGlobal
